github.com/R22wan2/golang v1.0.0 h1:N/a2yGIhpATXeIRVM/jjvLFkLefwhJEbj5TuoFz/49Q=
github.com/R22wan2/golang v1.0.0/go.mod h1:f8XbX1eV9zhZyx1dPNPPGt8oHa2anHjlKLLQTVXuRR8=
github.com/R22wan2/golang v1.0.2 h1:czNBTrRM2z6DCnutLH8TaYmbODV5SmafHBk2XKwj5Ro=
github.com/R22wan2/golang v1.0.2/go.mod h1:f8XbX1eV9zhZyx1dPNPPGt8oHa2anHjlKLLQTVXuRR8=
github.com/R22wan2/golang/v2 v2.0.0 h1:jCvo25mKxxJQPj/ANqUJME+en3R7YaimdbYQqRw6+/0=
github.com/R22wan2/golang/v2 v2.0.0/go.mod h1:JaD2uSmtXyJwT3UB8Xlxx/9mVmE0O61gKzp/tIXmYQM=
